
Microsoft Visual Studio Solution File, Format Version 12.00
# Visual Studio Version 17
VisualStudioVersion = 17.6.33829.357
MinimumVisualStudioVersion = 10.0.40219.1
Project("{FAE04EC0-301F-11D3-BF4B-00C04F79EFBC}") = "WinFormsApp1", "WinFormsApp1.csproj", "{2E826035-E5E6-4FBB-8577-35604A034D38}"
EndProject
Global
	GlobalSection(SolutionConfigurationPlatforms) = preSolution
		Debug|Any CPU = Debug|Any CPU
		Release|Any CPU = Release|Any CPU
	EndGlobalSection
	GlobalSection(ProjectConfigurationPlatforms) = postSolution
		{2E826035-E5E6-4FBB-8577-35604A034D38}.Debug|Any CPU.ActiveCfg = Debug|Any CPU
		{2E826035-E5E6-4FBB-8577-35604A034D38}.Debug|Any CPU.Build.0 = Debug|Any CPU
		{2E826035-E5E6-4FBB-8577-35604A034D38}.Release|Any CPU.ActiveCfg = Release|Any CPU
		{2E826035-E5E6-4FBB-8577-35604A034D38}.Release|Any CPU.Build.0 = Release|Any CPU
	EndGlobalSection
	GlobalSection(SolutionProperties) = preSolution
		HideSolutionNode = FALSE
	EndGlobalSection
	GlobalSection(ExtensibilityGlobals) = postSolution
		SolutionGuid = {A5516D12-8373-4F26-AA25-F123040619C2}
	EndGlobalSection
EndGlobal
